// !$*UTF8*$!
{
	archiveVersion = 1;
	classes = {
	};
	objectVersion = 56;
	objects = {

/* Begin PBXBuildFile section */
		39049C8D2B43EEF400C9196E /* ToastStatus.swift in Sources */ = {isa = PBXBuildFile; fileRef = 39049C8C2B43EEF400C9196E /* ToastStatus.swift */; };
		39049C8F2B43F70400C9196E /* ToasterBottomSheetViewController.swift in Sources */ = {isa = PBXBuildFile; fileRef = 39049C8E2B43F70400C9196E /* ToasterBottomSheetViewController.swift */; };
		390925C42B4EF64100487AA3 /* LinkWebViewController.swift in Sources */ = {isa = PBXBuildFile; fileRef = 390925C32B4EF64100487AA3 /* LinkWebViewController.swift */; };
		390925C72B4EF66C00487AA3 /* WebKit.framework in Frameworks */ = {isa = PBXBuildFile; fileRef = 390925C62B4EF66C00487AA3 /* WebKit.framework */; };
		390925CB2B4F049800487AA3 /* LinkWebNavigationView.swift in Sources */ = {isa = PBXBuildFile; fileRef = 390925CA2B4F049800487AA3 /* LinkWebNavigationView.swift */; };
		398BE7F32B456367001595E0 /* ToasterToastMessageView.swift in Sources */ = {isa = PBXBuildFile; fileRef = 398BE7F22B456367001595E0 /* ToasterToastMessageView.swift */; };
		398BE7F62B456AF9001595E0 /* BottomType.swift in Sources */ = {isa = PBXBuildFile; fileRef = 398BE7F52B456AF9001595E0 /* BottomType.swift */; };
		398BE7FA2B467E4B001595E0 /* ClipListCollectionViewCell.swift in Sources */ = {isa = PBXBuildFile; fileRef = 398BE7F92B467E4B001595E0 /* ClipListCollectionViewCell.swift */; };
		398BE7FC2B468F80001595E0 /* ClipCollectionHeaderView.swift in Sources */ = {isa = PBXBuildFile; fileRef = 398BE7FB2B468F80001595E0 /* ClipCollectionHeaderView.swift */; };
		398BE7FE2B46C164001595E0 /* AddClipBottomSheetView.swift in Sources */ = {isa = PBXBuildFile; fileRef = 398BE7FD2B46C164001595E0 /* AddClipBottomSheetView.swift */; };
		39BC5B0B2B400602004024E6 /* .swiftlint.yml in Resources */ = {isa = PBXBuildFile; fileRef = 39BC5B0A2B400602004024E6 /* .swiftlint.yml */; };
		39BC5B0D2B4046C1004024E6 /* ColorLiterals.swift in Sources */ = {isa = PBXBuildFile; fileRef = 39BC5B0C2B4046C1004024E6 /* ColorLiterals.swift */; };
		39BC5B132B410EF3004024E6 /* SUIT-Bold.otf in Resources */ = {isa = PBXBuildFile; fileRef = 39BC5B0E2B410EF2004024E6 /* SUIT-Bold.otf */; };
		39BC5B142B410EF3004024E6 /* SUIT-Medium.otf in Resources */ = {isa = PBXBuildFile; fileRef = 39BC5B0F2B410EF2004024E6 /* SUIT-Medium.otf */; };
		39BC5B152B410EF3004024E6 /* SUIT-SemiBold.otf in Resources */ = {isa = PBXBuildFile; fileRef = 39BC5B102B410EF2004024E6 /* SUIT-SemiBold.otf */; };
		39BC5B162B410EF3004024E6 /* SUIT-ExtraBold.otf in Resources */ = {isa = PBXBuildFile; fileRef = 39BC5B112B410EF3004024E6 /* SUIT-ExtraBold.otf */; };
		39BC5B172B410EF3004024E6 /* SUIT-Regular.otf in Resources */ = {isa = PBXBuildFile; fileRef = 39BC5B122B410EF3004024E6 /* SUIT-Regular.otf */; };
		39BC5B192B411037004024E6 /* FontLiterals.swift in Sources */ = {isa = PBXBuildFile; fileRef = 39BC5B182B411037004024E6 /* FontLiterals.swift */; };
		39BE4BB42B4ABA80002B471D /* DetailClipListModel.swift in Sources */ = {isa = PBXBuildFile; fileRef = 39BE4BB32B4ABA80002B471D /* DetailClipListModel.swift */; };
		39BE4BB62B4ABA97002B471D /* DetailClipListCollectionViewCell.swift in Sources */ = {isa = PBXBuildFile; fileRef = 39BE4BB52B4ABA97002B471D /* DetailClipListCollectionViewCell.swift */; };
		39BE4BBE2B4ABB7C002B471D /* DetailClipSegmentedControlView.swift in Sources */ = {isa = PBXBuildFile; fileRef = 39BE4BBD2B4ABB7C002B471D /* DetailClipSegmentedControlView.swift */; };
		39BE4BC02B4ABB9E002B471D /* DetailClipEmptyView.swift in Sources */ = {isa = PBXBuildFile; fileRef = 39BE4BBF2B4ABB9E002B471D /* DetailClipEmptyView.swift */; };
		39BE4BC22B4ABBB0002B471D /* DeleteLinkBottomSheetView.swift in Sources */ = {isa = PBXBuildFile; fileRef = 39BE4BC12B4ABBB0002B471D /* DeleteLinkBottomSheetView.swift */; };
		39C3926B2B491F47005B2B0F /* NSObject+.swift in Sources */ = {isa = PBXBuildFile; fileRef = 39C3926A2B491F47005B2B0F /* NSObject+.swift */; };
		39E794F62B479A1C00F16A38 /* ClipListModel.swift in Sources */ = {isa = PBXBuildFile; fileRef = 39E794F52B479A1C00F16A38 /* ClipListModel.swift */; };
		39E794F92B479C8600F16A38 /* ClipEmptyView.swift in Sources */ = {isa = PBXBuildFile; fileRef = 39E794F82B479C8600F16A38 /* ClipEmptyView.swift */; };
		39EF95FF2B501BD600F301FC /* EditClipViewController.swift in Sources */ = {isa = PBXBuildFile; fileRef = 39EF95FE2B501BD600F301FC /* EditClipViewController.swift */; };
		39EF96012B501E8A00F301FC /* EditClipNoticeView.swift in Sources */ = {isa = PBXBuildFile; fileRef = 39EF96002B501E8A00F301FC /* EditClipNoticeView.swift */; };
		39EF96042B5020D600F301FC /* EditClipCollectionViewCell.swift in Sources */ = {isa = PBXBuildFile; fileRef = 39EF96032B5020D600F301FC /* EditClipCollectionViewCell.swift */; };
		3F2BFAC92B40370D00DA76B7 /* SocialLoginButtonView.swift in Sources */ = {isa = PBXBuildFile; fileRef = 3F2BFAC82B40370D00DA76B7 /* SocialLoginButtonView.swift */; };
		3F2BFACB2B40373C00DA76B7 /* SocialLoginType.swift in Sources */ = {isa = PBXBuildFile; fileRef = 3F2BFACA2B40373C00DA76B7 /* SocialLoginType.swift */; };
		3F2FA1752B45C0AF00EDBF95 /* Config.swift in Sources */ = {isa = PBXBuildFile; fileRef = 3F2FA1742B45C0AF00EDBF95 /* Config.swift */; };
		3F2FA1772B45C3E000EDBF95 /* AuthenticationAdapterProtocol.swift in Sources */ = {isa = PBXBuildFile; fileRef = 3F2FA1762B45C3E000EDBF95 /* AuthenticationAdapterProtocol.swift */; };
		3F2FA1792B45C46F00EDBF95 /* KakaoAuthenticateAdapter.swift in Sources */ = {isa = PBXBuildFile; fileRef = 3F2FA1782B45C46F00EDBF95 /* KakaoAuthenticateAdapter.swift */; };
		3F2FA17B2B4928A200EDBF95 /* LoginError.swift in Sources */ = {isa = PBXBuildFile; fileRef = 3F2FA17A2B4928A200EDBF95 /* LoginError.swift */; };
		3F2FA17D2B4928B700EDBF95 /* LoginUseCase.swift in Sources */ = {isa = PBXBuildFile; fileRef = 3F2FA17C2B4928B700EDBF95 /* LoginUseCase.swift */; };
		3F2FA17F2B4A31E900EDBF95 /* SocialLoginTokenModel.swift in Sources */ = {isa = PBXBuildFile; fileRef = 3F2FA17E2B4A31E900EDBF95 /* SocialLoginTokenModel.swift */; };
		3F2FA1812B4A32A200EDBF95 /* LogoutUseCase.swift in Sources */ = {isa = PBXBuildFile; fileRef = 3F2FA1802B4A32A200EDBF95 /* LogoutUseCase.swift */; };
		3F617CB52B4EC2EE00956E69 /* MypageHeaderView.swift in Sources */ = {isa = PBXBuildFile; fileRef = 3F617CB42B4EC2EE00956E69 /* MypageHeaderView.swift */; };
		3F617CB82B4ECB6000956E69 /* MypageUserModel.swift in Sources */ = {isa = PBXBuildFile; fileRef = 3F617CB72B4ECB6000956E69 /* MypageUserModel.swift */; };
		3FBFDEC02B4D3A4C00C58393 /* AppleAuthenticateAdapter.swift in Sources */ = {isa = PBXBuildFile; fileRef = 3FBFDEBF2B4D3A4C00C58393 /* AppleAuthenticateAdapter.swift */; };
		6B6AE64F2B3FF101000E2366 /* AppDelegate.swift in Sources */ = {isa = PBXBuildFile; fileRef = 6B6AE64E2B3FF101000E2366 /* AppDelegate.swift */; };
		6B6AE6512B3FF101000E2366 /* SceneDelegate.swift in Sources */ = {isa = PBXBuildFile; fileRef = 6B6AE6502B3FF101000E2366 /* SceneDelegate.swift */; };
		6B6AE6532B3FF101000E2366 /* ViewController.swift in Sources */ = {isa = PBXBuildFile; fileRef = 6B6AE6522B3FF101000E2366 /* ViewController.swift */; };
		6B6AE6582B3FF103000E2366 /* Assets.xcassets in Resources */ = {isa = PBXBuildFile; fileRef = 6B6AE6572B3FF103000E2366 /* Assets.xcassets */; };
		6B6AE65B2B3FF103000E2366 /* LaunchScreen.storyboard in Resources */ = {isa = PBXBuildFile; fileRef = 6B6AE6592B3FF103000E2366 /* LaunchScreen.storyboard */; };
		6B6AE6642B3FF410000E2366 /* SnapKit in Frameworks */ = {isa = PBXBuildFile; productRef = 6B6AE6632B3FF410000E2366 /* SnapKit */; };
		6B6AE6672B3FF416000E2366 /* Then in Frameworks */ = {isa = PBXBuildFile; productRef = 6B6AE6662B3FF416000E2366 /* Then */; };
		6B6AE66A2B3FF41D000E2366 /* Kingfisher in Frameworks */ = {isa = PBXBuildFile; productRef = 6B6AE6692B3FF41D000E2366 /* Kingfisher */; };
		6B6AE66D2B3FF450000E2366 /* KakaoSDK in Frameworks */ = {isa = PBXBuildFile; productRef = 6B6AE66C2B3FF450000E2366 /* KakaoSDK */; };
		6B6AE66F2B3FF450000E2366 /* KakaoSDKAuth in Frameworks */ = {isa = PBXBuildFile; productRef = 6B6AE66E2B3FF450000E2366 /* KakaoSDKAuth */; };
		6B6AE6712B3FF450000E2366 /* KakaoSDKCommon in Frameworks */ = {isa = PBXBuildFile; productRef = 6B6AE6702B3FF450000E2366 /* KakaoSDKCommon */; };
		6B6AE6732B3FF450000E2366 /* KakaoSDKUser in Frameworks */ = {isa = PBXBuildFile; productRef = 6B6AE6722B3FF450000E2366 /* KakaoSDKUser */; };
		6B6AE6762B3FF46C000E2366 /* CombineMoya in Frameworks */ = {isa = PBXBuildFile; productRef = 6B6AE6752B3FF46C000E2366 /* CombineMoya */; };
		6B6AE6782B3FF46C000E2366 /* Moya in Frameworks */ = {isa = PBXBuildFile; productRef = 6B6AE6772B3FF46C000E2366 /* Moya */; };
		6B6AE67A2B3FF46C000E2366 /* ReactiveMoya in Frameworks */ = {isa = PBXBuildFile; productRef = 6B6AE6792B3FF46C000E2366 /* ReactiveMoya */; };
		6B6AE67C2B3FF46C000E2366 /* RxMoya in Frameworks */ = {isa = PBXBuildFile; productRef = 6B6AE67B2B3FF46C000E2366 /* RxMoya */; };
		6B6AE68A2B3FF582000E2366 /* MypageViewController.swift in Sources */ = {isa = PBXBuildFile; fileRef = 6B6AE6892B3FF582000E2366 /* MypageViewController.swift */; };
		6B6AE68D2B3FF58D000E2366 /* RemindViewController.swift in Sources */ = {isa = PBXBuildFile; fileRef = 6B6AE68C2B3FF58D000E2366 /* RemindViewController.swift */; };
		6B6AE6902B3FF59C000E2366 /* DetailClipViewController.swift in Sources */ = {isa = PBXBuildFile; fileRef = 6B6AE68F2B3FF59C000E2366 /* DetailClipViewController.swift */; };
		6B6AE6932B3FF5A9000E2366 /* ClipViewController.swift in Sources */ = {isa = PBXBuildFile; fileRef = 6B6AE6922B3FF5A9000E2366 /* ClipViewController.swift */; };
		6B6AE6962B3FF5B5000E2366 /* AddLinkViewController.swift in Sources */ = {isa = PBXBuildFile; fileRef = 6B6AE6952B3FF5B5000E2366 /* AddLinkViewController.swift */; };
		6B6AE6992B3FF5C1000E2366 /* SearchViewController.swift in Sources */ = {isa = PBXBuildFile; fileRef = 6B6AE6982B3FF5C1000E2366 /* SearchViewController.swift */; };
		6B6AE69C2B3FF5CC000E2366 /* HomeViewController.swift in Sources */ = {isa = PBXBuildFile; fileRef = 6B6AE69B2B3FF5CC000E2366 /* HomeViewController.swift */; };
		6B6AE69F2B3FF5D7000E2366 /* LoginViewController.swift in Sources */ = {isa = PBXBuildFile; fileRef = 6B6AE69E2B3FF5D7000E2366 /* LoginViewController.swift */; };
		6B6AE6A22B3FF5F7000E2366 /* TabBarController.swift in Sources */ = {isa = PBXBuildFile; fileRef = 6B6AE6A12B3FF5F7000E2366 /* TabBarController.swift */; };
		6B6AE6A42B3FF6B0000E2366 /* UIViewController+.swift in Sources */ = {isa = PBXBuildFile; fileRef = 6B6AE6A32B3FF6B0000E2366 /* UIViewController+.swift */; };
		6B6AE6A62B3FF6BD000E2366 /* UIView+.swift in Sources */ = {isa = PBXBuildFile; fileRef = 6B6AE6A52B3FF6BD000E2366 /* UIView+.swift */; };
		6B6AE6A82B3FF6D5000E2366 /* UITextField+.swift in Sources */ = {isa = PBXBuildFile; fileRef = 6B6AE6A72B3FF6D5000E2366 /* UITextField+.swift */; };
		6B6AE6AA2B3FF6EA000E2366 /* UIStackView+.swift in Sources */ = {isa = PBXBuildFile; fileRef = 6B6AE6A92B3FF6EA000E2366 /* UIStackView+.swift */; };
		6B6AE6AC2B3FF6F7000E2366 /* UIColor+.swift in Sources */ = {isa = PBXBuildFile; fileRef = 6B6AE6AB2B3FF6F7000E2366 /* UIColor+.swift */; };
		6B6AE6AE2B3FF721000E2366 /* ImageLiterals.swift in Sources */ = {isa = PBXBuildFile; fileRef = 6B6AE6AD2B3FF721000E2366 /* ImageLiterals.swift */; };
		6BC4935E2B4414B400544249 /* ToasterPopupViewController.swift in Sources */ = {isa = PBXBuildFile; fileRef = 6BC4935D2B4414B400544249 /* ToasterPopupViewController.swift */; };
		6BC493682B45D7B100544249 /* ToasterNavigationController.swift in Sources */ = {isa = PBXBuildFile; fileRef = 6BC493672B45D7B100544249 /* ToasterNavigationController.swift */; };
		6BC4936C2B48633700544249 /* ToasterNavigationType.swift in Sources */ = {isa = PBXBuildFile; fileRef = 6BC4936B2B48633700544249 /* ToasterNavigationType.swift */; };
		6BC493752B4D40F300544249 /* Config.xcconfig in Resources */ = {isa = PBXBuildFile; fileRef = 6BC493742B4D40F200544249 /* Config.xcconfig */; };
		6BC493792B4D6FB300544249 /* SearchEmptyResultView.swift in Sources */ = {isa = PBXBuildFile; fileRef = 6BC493782B4D6FB300544249 /* SearchEmptyResultView.swift */; };
		6BC493812B4D88E200544249 /* SearchViewModel.swift in Sources */ = {isa = PBXBuildFile; fileRef = 6BC493802B4D88E200544249 /* SearchViewModel.swift */; };
		6BC493832B4D8B5900544249 /* SearchResultModel.swift in Sources */ = {isa = PBXBuildFile; fileRef = 6BC493822B4D8B5900544249 /* SearchResultModel.swift */; };
		6BE6D9D42B4DE479008B06FA /* RemindTimerEmptyView.swift in Sources */ = {isa = PBXBuildFile; fileRef = 6BE6D9D32B4DE479008B06FA /* RemindTimerEmptyView.swift */; };
		6BE6D9D62B4E8935008B06FA /* RemindAlarmOffView.swift in Sources */ = {isa = PBXBuildFile; fileRef = 6BE6D9D52B4E8935008B06FA /* RemindAlarmOffView.swift */; };
		6BE6D9D82B4E8A03008B06FA /* RemindAlarmOffViewType.swift in Sources */ = {isa = PBXBuildFile; fileRef = 6BE6D9D72B4E8A03008B06FA /* RemindAlarmOffViewType.swift */; };
		6BE6D9DE2B4E9054008B06FA /* AlarmOffStateButton.swift in Sources */ = {isa = PBXBuildFile; fileRef = 6BE6D9DD2B4E9054008B06FA /* AlarmOffStateButton.swift */; };
		6BE6D9E22B4E9B58008B06FA /* CompleteTimerCollectionViewCell.swift in Sources */ = {isa = PBXBuildFile; fileRef = 6BE6D9E12B4E9B58008B06FA /* CompleteTimerCollectionViewCell.swift */; };
		6BE6D9E42B4EA125008B06FA /* WaitTimerCollectionViewCell.swift in Sources */ = {isa = PBXBuildFile; fileRef = 6BE6D9E32B4EA125008B06FA /* WaitTimerCollectionViewCell.swift */; };
		6BE6D9E62B4EA499008B06FA /* RemindCollectionHeaderView.swift in Sources */ = {isa = PBXBuildFile; fileRef = 6BE6D9E52B4EA499008B06FA /* RemindCollectionHeaderView.swift */; };
		6BE6D9E82B4EA773008B06FA /* RemindCollectionFooterView.swift in Sources */ = {isa = PBXBuildFile; fileRef = 6BE6D9E72B4EA773008B06FA /* RemindCollectionFooterView.swift */; };
		6BE6D9EF2B4EE98D008B06FA /* RemindModel.swift in Sources */ = {isa = PBXBuildFile; fileRef = 6BE6D9EE2B4EE98D008B06FA /* RemindModel.swift */; };
		6BE6D9F22B4EEBC3008B06FA /* RemindViewModel.swift in Sources */ = {isa = PBXBuildFile; fileRef = 6BE6D9F12B4EEBC3008B06FA /* RemindViewModel.swift */; };
		6BE6D9F42B4EF568008B06FA /* RemindTimerEditBottomSheetView.swift in Sources */ = {isa = PBXBuildFile; fileRef = 6BE6D9F32B4EF568008B06FA /* RemindTimerEditBottomSheetView.swift */; };
		6BE6D9F62B4F0F26008B06FA /* CompleteTimerEmptyCollectionViewCell.swift in Sources */ = {isa = PBXBuildFile; fileRef = 6BE6D9F52B4F0F26008B06FA /* CompleteTimerEmptyCollectionViewCell.swift */; };
		6BE6DA142B4FDDE7008B06FA /* RemindAlarmOffBottomSheetView.swift in Sources */ = {isa = PBXBuildFile; fileRef = 6BE6DA132B4FDDE7008B06FA /* RemindAlarmOffBottomSheetView.swift */; };
		830517632B42D871009FFB60 /* TabBarItem.swift in Sources */ = {isa = PBXBuildFile; fileRef = 830517622B42D871009FFB60 /* TabBarItem.swift */; };
		830517652B42D996009FFB60 /* StringLiterals.swift in Sources */ = {isa = PBXBuildFile; fileRef = 830517642B42D996009FFB60 /* StringLiterals.swift */; };
		830517B02B4D9A3B009FFB60 /* UILabel+.swift in Sources */ = {isa = PBXBuildFile; fileRef = 830517AF2B4D9A3B009FFB60 /* UILabel+.swift */; };
/* End PBXBuildFile section */

/* Begin PBXFileReference section */
		39049C8C2B43EEF400C9196E /* ToastStatus.swift */ = {isa = PBXFileReference; lastKnownFileType = sourcecode.swift; path = ToastStatus.swift; sourceTree = "<group>"; };
		39049C8E2B43F70400C9196E /* ToasterBottomSheetViewController.swift */ = {isa = PBXFileReference; lastKnownFileType = sourcecode.swift; path = ToasterBottomSheetViewController.swift; sourceTree = "<group>"; };
		390925C32B4EF64100487AA3 /* LinkWebViewController.swift */ = {isa = PBXFileReference; lastKnownFileType = sourcecode.swift; path = LinkWebViewController.swift; sourceTree = "<group>"; };
		390925C62B4EF66C00487AA3 /* WebKit.framework */ = {isa = PBXFileReference; lastKnownFileType = wrapper.framework; name = WebKit.framework; path = System/Library/Frameworks/WebKit.framework; sourceTree = SDKROOT; };
		390925CA2B4F049800487AA3 /* LinkWebNavigationView.swift */ = {isa = PBXFileReference; lastKnownFileType = sourcecode.swift; path = LinkWebNavigationView.swift; sourceTree = "<group>"; };
		398BE7F22B456367001595E0 /* ToasterToastMessageView.swift */ = {isa = PBXFileReference; lastKnownFileType = sourcecode.swift; path = ToasterToastMessageView.swift; sourceTree = "<group>"; };
		398BE7F52B456AF9001595E0 /* BottomType.swift */ = {isa = PBXFileReference; lastKnownFileType = sourcecode.swift; path = BottomType.swift; sourceTree = "<group>"; };
		398BE7F92B467E4B001595E0 /* ClipListCollectionViewCell.swift */ = {isa = PBXFileReference; lastKnownFileType = sourcecode.swift; path = ClipListCollectionViewCell.swift; sourceTree = "<group>"; };
		398BE7FB2B468F80001595E0 /* ClipCollectionHeaderView.swift */ = {isa = PBXFileReference; lastKnownFileType = sourcecode.swift; path = ClipCollectionHeaderView.swift; sourceTree = "<group>"; };
		398BE7FD2B46C164001595E0 /* AddClipBottomSheetView.swift */ = {isa = PBXFileReference; lastKnownFileType = sourcecode.swift; path = AddClipBottomSheetView.swift; sourceTree = "<group>"; };
		39BC5B0A2B400602004024E6 /* .swiftlint.yml */ = {isa = PBXFileReference; lastKnownFileType = text.yaml; path = .swiftlint.yml; sourceTree = "<group>"; };
		39BC5B0C2B4046C1004024E6 /* ColorLiterals.swift */ = {isa = PBXFileReference; lastKnownFileType = sourcecode.swift; path = ColorLiterals.swift; sourceTree = "<group>"; };
		39BC5B0E2B410EF2004024E6 /* SUIT-Bold.otf */ = {isa = PBXFileReference; lastKnownFileType = file; path = "SUIT-Bold.otf"; sourceTree = "<group>"; };
		39BC5B0F2B410EF2004024E6 /* SUIT-Medium.otf */ = {isa = PBXFileReference; lastKnownFileType = file; path = "SUIT-Medium.otf"; sourceTree = "<group>"; };
		39BC5B102B410EF2004024E6 /* SUIT-SemiBold.otf */ = {isa = PBXFileReference; lastKnownFileType = file; path = "SUIT-SemiBold.otf"; sourceTree = "<group>"; };
		39BC5B112B410EF3004024E6 /* SUIT-ExtraBold.otf */ = {isa = PBXFileReference; lastKnownFileType = file; path = "SUIT-ExtraBold.otf"; sourceTree = "<group>"; };
		39BC5B122B410EF3004024E6 /* SUIT-Regular.otf */ = {isa = PBXFileReference; lastKnownFileType = file; path = "SUIT-Regular.otf"; sourceTree = "<group>"; };
		39BC5B182B411037004024E6 /* FontLiterals.swift */ = {isa = PBXFileReference; lastKnownFileType = sourcecode.swift; path = FontLiterals.swift; sourceTree = "<group>"; };
		39BE4BB32B4ABA80002B471D /* DetailClipListModel.swift */ = {isa = PBXFileReference; lastKnownFileType = sourcecode.swift; path = DetailClipListModel.swift; sourceTree = "<group>"; };
		39BE4BB52B4ABA97002B471D /* DetailClipListCollectionViewCell.swift */ = {isa = PBXFileReference; lastKnownFileType = sourcecode.swift; path = DetailClipListCollectionViewCell.swift; sourceTree = "<group>"; };
		39BE4BBD2B4ABB7C002B471D /* DetailClipSegmentedControlView.swift */ = {isa = PBXFileReference; lastKnownFileType = sourcecode.swift; path = DetailClipSegmentedControlView.swift; sourceTree = "<group>"; };
		39BE4BBF2B4ABB9E002B471D /* DetailClipEmptyView.swift */ = {isa = PBXFileReference; lastKnownFileType = sourcecode.swift; path = DetailClipEmptyView.swift; sourceTree = "<group>"; };
		39BE4BC12B4ABBB0002B471D /* DeleteLinkBottomSheetView.swift */ = {isa = PBXFileReference; lastKnownFileType = sourcecode.swift; path = DeleteLinkBottomSheetView.swift; sourceTree = "<group>"; };
		39C3926A2B491F47005B2B0F /* NSObject+.swift */ = {isa = PBXFileReference; lastKnownFileType = sourcecode.swift; path = "NSObject+.swift"; sourceTree = "<group>"; };
		39E794F52B479A1C00F16A38 /* ClipListModel.swift */ = {isa = PBXFileReference; lastKnownFileType = sourcecode.swift; path = ClipListModel.swift; sourceTree = "<group>"; };
		39E794F82B479C8600F16A38 /* ClipEmptyView.swift */ = {isa = PBXFileReference; lastKnownFileType = sourcecode.swift; path = ClipEmptyView.swift; sourceTree = "<group>"; };
		39EF95FE2B501BD600F301FC /* EditClipViewController.swift */ = {isa = PBXFileReference; lastKnownFileType = sourcecode.swift; path = EditClipViewController.swift; sourceTree = "<group>"; };
		39EF96002B501E8A00F301FC /* EditClipNoticeView.swift */ = {isa = PBXFileReference; lastKnownFileType = sourcecode.swift; path = EditClipNoticeView.swift; sourceTree = "<group>"; };
		39EF96032B5020D600F301FC /* EditClipCollectionViewCell.swift */ = {isa = PBXFileReference; lastKnownFileType = sourcecode.swift; path = EditClipCollectionViewCell.swift; sourceTree = "<group>"; };
		3F2BFAC82B40370D00DA76B7 /* SocialLoginButtonView.swift */ = {isa = PBXFileReference; lastKnownFileType = sourcecode.swift; path = SocialLoginButtonView.swift; sourceTree = "<group>"; };
		3F2BFACA2B40373C00DA76B7 /* SocialLoginType.swift */ = {isa = PBXFileReference; lastKnownFileType = sourcecode.swift; path = SocialLoginType.swift; sourceTree = "<group>"; };
		3F2FA1742B45C0AF00EDBF95 /* Config.swift */ = {isa = PBXFileReference; lastKnownFileType = sourcecode.swift; path = Config.swift; sourceTree = "<group>"; };
		3F2FA1762B45C3E000EDBF95 /* AuthenticationAdapterProtocol.swift */ = {isa = PBXFileReference; lastKnownFileType = sourcecode.swift; path = AuthenticationAdapterProtocol.swift; sourceTree = "<group>"; };
		3F2FA1782B45C46F00EDBF95 /* KakaoAuthenticateAdapter.swift */ = {isa = PBXFileReference; lastKnownFileType = sourcecode.swift; path = KakaoAuthenticateAdapter.swift; sourceTree = "<group>"; };
		3F2FA17A2B4928A200EDBF95 /* LoginError.swift */ = {isa = PBXFileReference; lastKnownFileType = sourcecode.swift; path = LoginError.swift; sourceTree = "<group>"; };
		3F2FA17C2B4928B700EDBF95 /* LoginUseCase.swift */ = {isa = PBXFileReference; lastKnownFileType = sourcecode.swift; path = LoginUseCase.swift; sourceTree = "<group>"; };
		3F2FA17E2B4A31E900EDBF95 /* SocialLoginTokenModel.swift */ = {isa = PBXFileReference; lastKnownFileType = sourcecode.swift; path = SocialLoginTokenModel.swift; sourceTree = "<group>"; };
		3F2FA1802B4A32A200EDBF95 /* LogoutUseCase.swift */ = {isa = PBXFileReference; lastKnownFileType = sourcecode.swift; path = LogoutUseCase.swift; sourceTree = "<group>"; };
		3F617CB42B4EC2EE00956E69 /* MypageHeaderView.swift */ = {isa = PBXFileReference; lastKnownFileType = sourcecode.swift; path = MypageHeaderView.swift; sourceTree = "<group>"; };
		3F617CB72B4ECB6000956E69 /* MypageUserModel.swift */ = {isa = PBXFileReference; lastKnownFileType = sourcecode.swift; path = MypageUserModel.swift; sourceTree = "<group>"; };
		3FBFDEBF2B4D3A4C00C58393 /* AppleAuthenticateAdapter.swift */ = {isa = PBXFileReference; lastKnownFileType = sourcecode.swift; path = AppleAuthenticateAdapter.swift; sourceTree = "<group>"; };
		3FBFDEC12B4D3BBD00C58393 /* TOASTER-iOS.entitlements */ = {isa = PBXFileReference; lastKnownFileType = text.plist.entitlements; path = "TOASTER-iOS.entitlements"; sourceTree = "<group>"; };
		6B6AE64B2B3FF101000E2366 /* TOASTER-iOS.app */ = {isa = PBXFileReference; explicitFileType = wrapper.application; includeInIndex = 0; path = "TOASTER-iOS.app"; sourceTree = BUILT_PRODUCTS_DIR; };
		6B6AE64E2B3FF101000E2366 /* AppDelegate.swift */ = {isa = PBXFileReference; lastKnownFileType = sourcecode.swift; path = AppDelegate.swift; sourceTree = "<group>"; };
		6B6AE6502B3FF101000E2366 /* SceneDelegate.swift */ = {isa = PBXFileReference; lastKnownFileType = sourcecode.swift; path = SceneDelegate.swift; sourceTree = "<group>"; };
		6B6AE6522B3FF101000E2366 /* ViewController.swift */ = {isa = PBXFileReference; lastKnownFileType = sourcecode.swift; path = ViewController.swift; sourceTree = "<group>"; };
		6B6AE6572B3FF103000E2366 /* Assets.xcassets */ = {isa = PBXFileReference; lastKnownFileType = folder.assetcatalog; path = Assets.xcassets; sourceTree = "<group>"; };
		6B6AE65A2B3FF103000E2366 /* Base */ = {isa = PBXFileReference; lastKnownFileType = file.storyboard; name = Base; path = Base.lproj/LaunchScreen.storyboard; sourceTree = "<group>"; };
		6B6AE65C2B3FF103000E2366 /* Info.plist */ = {isa = PBXFileReference; lastKnownFileType = text.plist.xml; path = Info.plist; sourceTree = "<group>"; };
		6B6AE6892B3FF582000E2366 /* MypageViewController.swift */ = {isa = PBXFileReference; lastKnownFileType = sourcecode.swift; path = MypageViewController.swift; sourceTree = "<group>"; };
		6B6AE68C2B3FF58D000E2366 /* RemindViewController.swift */ = {isa = PBXFileReference; lastKnownFileType = sourcecode.swift; path = RemindViewController.swift; sourceTree = "<group>"; };
		6B6AE68F2B3FF59C000E2366 /* DetailClipViewController.swift */ = {isa = PBXFileReference; lastKnownFileType = sourcecode.swift; path = DetailClipViewController.swift; sourceTree = "<group>"; };
		6B6AE6922B3FF5A9000E2366 /* ClipViewController.swift */ = {isa = PBXFileReference; lastKnownFileType = sourcecode.swift; path = ClipViewController.swift; sourceTree = "<group>"; };
		6B6AE6952B3FF5B5000E2366 /* AddLinkViewController.swift */ = {isa = PBXFileReference; lastKnownFileType = sourcecode.swift; path = AddLinkViewController.swift; sourceTree = "<group>"; };
		6B6AE6982B3FF5C1000E2366 /* SearchViewController.swift */ = {isa = PBXFileReference; lastKnownFileType = sourcecode.swift; path = SearchViewController.swift; sourceTree = "<group>"; };
		6B6AE69B2B3FF5CC000E2366 /* HomeViewController.swift */ = {isa = PBXFileReference; lastKnownFileType = sourcecode.swift; path = HomeViewController.swift; sourceTree = "<group>"; };
		6B6AE69E2B3FF5D7000E2366 /* LoginViewController.swift */ = {isa = PBXFileReference; lastKnownFileType = sourcecode.swift; path = LoginViewController.swift; sourceTree = "<group>"; };
		6B6AE6A12B3FF5F7000E2366 /* TabBarController.swift */ = {isa = PBXFileReference; lastKnownFileType = sourcecode.swift; path = TabBarController.swift; sourceTree = "<group>"; };
		6B6AE6A32B3FF6B0000E2366 /* UIViewController+.swift */ = {isa = PBXFileReference; lastKnownFileType = sourcecode.swift; path = "UIViewController+.swift"; sourceTree = "<group>"; };
		6B6AE6A52B3FF6BD000E2366 /* UIView+.swift */ = {isa = PBXFileReference; lastKnownFileType = sourcecode.swift; path = "UIView+.swift"; sourceTree = "<group>"; };
		6B6AE6A72B3FF6D5000E2366 /* UITextField+.swift */ = {isa = PBXFileReference; lastKnownFileType = sourcecode.swift; path = "UITextField+.swift"; sourceTree = "<group>"; };
		6B6AE6A92B3FF6EA000E2366 /* UIStackView+.swift */ = {isa = PBXFileReference; lastKnownFileType = sourcecode.swift; path = "UIStackView+.swift"; sourceTree = "<group>"; };
		6B6AE6AB2B3FF6F7000E2366 /* UIColor+.swift */ = {isa = PBXFileReference; lastKnownFileType = sourcecode.swift; path = "UIColor+.swift"; sourceTree = "<group>"; };
		6B6AE6AD2B3FF721000E2366 /* ImageLiterals.swift */ = {isa = PBXFileReference; lastKnownFileType = sourcecode.swift; path = ImageLiterals.swift; sourceTree = "<group>"; };
		6BC4935D2B4414B400544249 /* ToasterPopupViewController.swift */ = {isa = PBXFileReference; lastKnownFileType = sourcecode.swift; path = ToasterPopupViewController.swift; sourceTree = "<group>"; };
		6BC493672B45D7B100544249 /* ToasterNavigationController.swift */ = {isa = PBXFileReference; lastKnownFileType = sourcecode.swift; path = ToasterNavigationController.swift; sourceTree = "<group>"; };
		6BC4936B2B48633700544249 /* ToasterNavigationType.swift */ = {isa = PBXFileReference; lastKnownFileType = sourcecode.swift; path = ToasterNavigationType.swift; sourceTree = "<group>"; };
		6BC493742B4D40F200544249 /* Config.xcconfig */ = {isa = PBXFileReference; fileEncoding = 4; lastKnownFileType = text.xcconfig; path = Config.xcconfig; sourceTree = "<group>"; };
		6BC493782B4D6FB300544249 /* SearchEmptyResultView.swift */ = {isa = PBXFileReference; lastKnownFileType = sourcecode.swift; path = SearchEmptyResultView.swift; sourceTree = "<group>"; };
		6BC493802B4D88E200544249 /* SearchViewModel.swift */ = {isa = PBXFileReference; lastKnownFileType = sourcecode.swift; path = SearchViewModel.swift; sourceTree = "<group>"; };
		6BC493822B4D8B5900544249 /* SearchResultModel.swift */ = {isa = PBXFileReference; lastKnownFileType = sourcecode.swift; path = SearchResultModel.swift; sourceTree = "<group>"; };
		6BE6D9D32B4DE479008B06FA /* RemindTimerEmptyView.swift */ = {isa = PBXFileReference; lastKnownFileType = sourcecode.swift; path = RemindTimerEmptyView.swift; sourceTree = "<group>"; };
		6BE6D9D52B4E8935008B06FA /* RemindAlarmOffView.swift */ = {isa = PBXFileReference; lastKnownFileType = sourcecode.swift; path = RemindAlarmOffView.swift; sourceTree = "<group>"; };
		6BE6D9D72B4E8A03008B06FA /* RemindAlarmOffViewType.swift */ = {isa = PBXFileReference; lastKnownFileType = sourcecode.swift; path = RemindAlarmOffViewType.swift; sourceTree = "<group>"; };
		6BE6D9DD2B4E9054008B06FA /* AlarmOffStateButton.swift */ = {isa = PBXFileReference; lastKnownFileType = sourcecode.swift; path = AlarmOffStateButton.swift; sourceTree = "<group>"; };
		6BE6D9E12B4E9B58008B06FA /* CompleteTimerCollectionViewCell.swift */ = {isa = PBXFileReference; lastKnownFileType = sourcecode.swift; path = CompleteTimerCollectionViewCell.swift; sourceTree = "<group>"; };
		6BE6D9E32B4EA125008B06FA /* WaitTimerCollectionViewCell.swift */ = {isa = PBXFileReference; lastKnownFileType = sourcecode.swift; path = WaitTimerCollectionViewCell.swift; sourceTree = "<group>"; };
		6BE6D9E52B4EA499008B06FA /* RemindCollectionHeaderView.swift */ = {isa = PBXFileReference; lastKnownFileType = sourcecode.swift; path = RemindCollectionHeaderView.swift; sourceTree = "<group>"; };
		6BE6D9E72B4EA773008B06FA /* RemindCollectionFooterView.swift */ = {isa = PBXFileReference; lastKnownFileType = sourcecode.swift; path = RemindCollectionFooterView.swift; sourceTree = "<group>"; };
		6BE6D9EE2B4EE98D008B06FA /* RemindModel.swift */ = {isa = PBXFileReference; lastKnownFileType = sourcecode.swift; path = RemindModel.swift; sourceTree = "<group>"; };
		6BE6D9F12B4EEBC3008B06FA /* RemindViewModel.swift */ = {isa = PBXFileReference; lastKnownFileType = sourcecode.swift; path = RemindViewModel.swift; sourceTree = "<group>"; };
		6BE6D9F32B4EF568008B06FA /* RemindTimerEditBottomSheetView.swift */ = {isa = PBXFileReference; lastKnownFileType = sourcecode.swift; path = RemindTimerEditBottomSheetView.swift; sourceTree = "<group>"; };
		6BE6D9F52B4F0F26008B06FA /* CompleteTimerEmptyCollectionViewCell.swift */ = {isa = PBXFileReference; lastKnownFileType = sourcecode.swift; path = CompleteTimerEmptyCollectionViewCell.swift; sourceTree = "<group>"; };
		6BE6DA132B4FDDE7008B06FA /* RemindAlarmOffBottomSheetView.swift */ = {isa = PBXFileReference; lastKnownFileType = sourcecode.swift; path = RemindAlarmOffBottomSheetView.swift; sourceTree = "<group>"; };
		830517622B42D871009FFB60 /* TabBarItem.swift */ = {isa = PBXFileReference; lastKnownFileType = sourcecode.swift; path = TabBarItem.swift; sourceTree = "<group>"; };
		830517642B42D996009FFB60 /* StringLiterals.swift */ = {isa = PBXFileReference; lastKnownFileType = sourcecode.swift; path = StringLiterals.swift; sourceTree = "<group>"; };
		830517AF2B4D9A3B009FFB60 /* UILabel+.swift */ = {isa = PBXFileReference; lastKnownFileType = sourcecode.swift; path = "UILabel+.swift"; sourceTree = "<group>"; };
/* End PBXFileReference section */

/* Begin PBXFrameworksBuildPhase section */
		6B6AE6482B3FF101000E2366 /* Frameworks */ = {
			isa = PBXFrameworksBuildPhase;
			buildActionMask = 2147483647;
			files = (
				6B6AE66A2B3FF41D000E2366 /* Kingfisher in Frameworks */,
				6B6AE66D2B3FF450000E2366 /* KakaoSDK in Frameworks */,
				390925C72B4EF66C00487AA3 /* WebKit.framework in Frameworks */,
				6B6AE6782B3FF46C000E2366 /* Moya in Frameworks */,
				6B6AE67C2B3FF46C000E2366 /* RxMoya in Frameworks */,
				6B6AE67A2B3FF46C000E2366 /* ReactiveMoya in Frameworks */,
				6B6AE6642B3FF410000E2366 /* SnapKit in Frameworks */,
				6B6AE6732B3FF450000E2366 /* KakaoSDKUser in Frameworks */,
				6B6AE6672B3FF416000E2366 /* Then in Frameworks */,
				6B6AE6712B3FF450000E2366 /* KakaoSDKCommon in Frameworks */,
				6B6AE6762B3FF46C000E2366 /* CombineMoya in Frameworks */,
				6B6AE66F2B3FF450000E2366 /* KakaoSDKAuth in Frameworks */,
			);
			runOnlyForDeploymentPostprocessing = 0;
		};
/* End PBXFrameworksBuildPhase section */

/* Begin PBXGroup section */
		390925C22B4EF61B00487AA3 /* LinkWeb */ = {
			isa = PBXGroup;
			children = (
				390925C92B4F047500487AA3 /* View */,
				390925C82B4F046A00487AA3 /* ViewController */,
			);
			path = LinkWeb;
			sourceTree = "<group>";
		};
		390925C52B4EF66C00487AA3 /* Frameworks */ = {
			isa = PBXGroup;
			children = (
				390925C62B4EF66C00487AA3 /* WebKit.framework */,
			);
			name = Frameworks;
			sourceTree = "<group>";
		};
		390925C82B4F046A00487AA3 /* ViewController */ = {
			isa = PBXGroup;
			children = (
				390925C32B4EF64100487AA3 /* LinkWebViewController.swift */,
			);
			path = ViewController;
			sourceTree = "<group>";
		};
		390925C92B4F047500487AA3 /* View */ = {
			isa = PBXGroup;
			children = (
				390925CA2B4F049800487AA3 /* LinkWebNavigationView.swift */,
			);
			path = View;
			sourceTree = "<group>";
		};
		398BE7F12B45628F001595E0 /* ToasterToastMessage */ = {
			isa = PBXGroup;
			children = (
				39049C8C2B43EEF400C9196E /* ToastStatus.swift */,
				398BE7F22B456367001595E0 /* ToasterToastMessageView.swift */,
			);
			path = ToasterToastMessage;
			sourceTree = "<group>";
		};
		398BE7F42B456ACF001595E0 /* ToasterBottomSheet */ = {
			isa = PBXGroup;
			children = (
				398BE7F52B456AF9001595E0 /* BottomType.swift */,
				39049C8E2B43F70400C9196E /* ToasterBottomSheetViewController.swift */,
			);
			path = ToasterBottomSheet;
			sourceTree = "<group>";
		};
		398BE7F82B467E23001595E0 /* View */ = {
			isa = PBXGroup;
			children = (
				398BE7F92B467E4B001595E0 /* ClipListCollectionViewCell.swift */,
				398BE7FB2B468F80001595E0 /* ClipCollectionHeaderView.swift */,
				398BE7FD2B46C164001595E0 /* AddClipBottomSheetView.swift */,
				39E794F82B479C8600F16A38 /* ClipEmptyView.swift */,
			);
			path = View;
			sourceTree = "<group>";
		};
		39BE4BB02B4ABA6A002B471D /* ViewController */ = {
			isa = PBXGroup;
			children = (
				6B6AE68F2B3FF59C000E2366 /* DetailClipViewController.swift */,
			);
			path = ViewController;
			sourceTree = "<group>";
		};
		39BE4BB12B4ABA70002B471D /* View */ = {
			isa = PBXGroup;
			children = (
				39BE4BB52B4ABA97002B471D /* DetailClipListCollectionViewCell.swift */,
				39BE4BBD2B4ABB7C002B471D /* DetailClipSegmentedControlView.swift */,
				39BE4BBF2B4ABB9E002B471D /* DetailClipEmptyView.swift */,
				39BE4BC12B4ABBB0002B471D /* DeleteLinkBottomSheetView.swift */,
			);
			path = View;
			sourceTree = "<group>";
		};
		39BE4BB22B4ABA73002B471D /* Model */ = {
			isa = PBXGroup;
			children = (
				39BE4BB32B4ABA80002B471D /* DetailClipListModel.swift */,
			);
			path = Model;
			sourceTree = "<group>";
		};
		39E794F42B479A0500F16A38 /* Model */ = {
			isa = PBXGroup;
			children = (
				39E794F52B479A1C00F16A38 /* ClipListModel.swift */,
			);
			path = Model;
			sourceTree = "<group>";
		};
		39E794F72B479AE300F16A38 /* ViewController */ = {
			isa = PBXGroup;
			children = (
				6B6AE6922B3FF5A9000E2366 /* ClipViewController.swift */,
			);
			path = ViewController;
			sourceTree = "<group>";
		};
		39EF95FD2B501BC400F301FC /* EditClip */ = {
			isa = PBXGroup;
			children = (
				39F404EE2B510499008809E2 /* View */,
				39EF95FE2B501BD600F301FC /* EditClipViewController.swift */,
			);
			path = EditClip;
			sourceTree = "<group>";
		};
		39F404EE2B510499008809E2 /* View */ = {
			isa = PBXGroup;
			children = (
				39EF96032B5020D600F301FC /* EditClipCollectionViewCell.swift */,
				39EF96002B501E8A00F301FC /* EditClipNoticeView.swift */,
			);
			path = View;
			sourceTree = "<group>";
		};
		3F2BFAC72B4036E200DA76B7 /* View */ = {
			isa = PBXGroup;
			children = (
				3F2BFAC82B40370D00DA76B7 /* SocialLoginButtonView.swift */,
			);
			path = View;
			sourceTree = "<group>";
		};
		3F2FA1822B4CFC8C00EDBF95 /* UseCase */ = {
			isa = PBXGroup;
			children = (
				3F2FA17C2B4928B700EDBF95 /* LoginUseCase.swift */,
				3F2FA1802B4A32A200EDBF95 /* LogoutUseCase.swift */,
			);
			path = UseCase;
			sourceTree = "<group>";
		};
		3F2FA1832B4CFCA400EDBF95 /* Adapter */ = {
			isa = PBXGroup;
			children = (
				3F2FA1782B45C46F00EDBF95 /* KakaoAuthenticateAdapter.swift */,
				3FBFDEBF2B4D3A4C00C58393 /* AppleAuthenticateAdapter.swift */,
			);
			path = Adapter;
			sourceTree = "<group>";
		};
		3F2FA1842B4CFCBC00EDBF95 /* Model */ = {
			isa = PBXGroup;
			children = (
				3F2FA17E2B4A31E900EDBF95 /* SocialLoginTokenModel.swift */,
			);
			path = Model;
			sourceTree = "<group>";
		};
		3F617CB32B4EC2B500956E69 /* View */ = {
			isa = PBXGroup;
			children = (
				3F617CB42B4EC2EE00956E69 /* MypageHeaderView.swift */,
			);
			path = View;
			sourceTree = "<group>";
		};
		3F617CB62B4ECB4600956E69 /* Model */ = {
			isa = PBXGroup;
			children = (
				3F617CB72B4ECB6000956E69 /* MypageUserModel.swift */,
			);
			path = Model;
			sourceTree = "<group>";
		};
		6B6AE6422B3FF101000E2366 = {
			isa = PBXGroup;
			children = (
				39BC5B0A2B400602004024E6 /* .swiftlint.yml */,
				6B6AE64D2B3FF101000E2366 /* TOASTER-iOS */,
				6B6AE64C2B3FF101000E2366 /* Products */,
				390925C52B4EF66C00487AA3 /* Frameworks */,
			);
			sourceTree = "<group>";
		};
		6B6AE64C2B3FF101000E2366 /* Products */ = {
			isa = PBXGroup;
			children = (
				6B6AE64B2B3FF101000E2366 /* TOASTER-iOS.app */,
			);
			name = Products;
			sourceTree = "<group>";
		};
		6B6AE64D2B3FF101000E2366 /* TOASTER-iOS */ = {
			isa = PBXGroup;
			children = (
				3FBFDEC12B4D3BBD00C58393 /* TOASTER-iOS.entitlements */,
				6B6AE67D2B3FF4EA000E2366 /* Application */,
				6B6AE67E2B3FF4F5000E2366 /* Global */,
				6B6AE6862B3FF556000E2366 /* Network */,
				6B6AE6872B3FF55F000E2366 /* Present */,
			);
			path = "TOASTER-iOS";
			sourceTree = "<group>";
		};
		6B6AE67D2B3FF4EA000E2366 /* Application */ = {
			isa = PBXGroup;
			children = (
				6B6AE64E2B3FF101000E2366 /* AppDelegate.swift */,
				6B6AE6502B3FF101000E2366 /* SceneDelegate.swift */,
			);
			path = Application;
			sourceTree = "<group>";
		};
		6B6AE67E2B3FF4F5000E2366 /* Global */ = {
			isa = PBXGroup;
			children = (
				6B6AE6842B3FF51B000E2366 /* Protocols */,
				6B6AE6832B3FF514000E2366 /* Components */,
				6B6AE6822B3FF510000E2366 /* Consts */,
				6B6AE6812B3FF50A000E2366 /* Extensions */,
				6B6AE6802B3FF505000E2366 /* Resources */,
				6B6AE67F2B3FF4FE000E2366 /* Supporting Files */,
			);
			path = Global;
			sourceTree = "<group>";
		};
		6B6AE67F2B3FF4FE000E2366 /* Supporting Files */ = {
			isa = PBXGroup;
			children = (
				6B6AE65C2B3FF103000E2366 /* Info.plist */,
			);
			path = "Supporting Files";
			sourceTree = "<group>";
		};
		6B6AE6802B3FF505000E2366 /* Resources */ = {
			isa = PBXGroup;
			children = (
				6B6AE6852B3FF534000E2366 /* Fonts */,
				6B6AE6572B3FF103000E2366 /* Assets.xcassets */,
				6B6AE6592B3FF103000E2366 /* LaunchScreen.storyboard */,
				6BC493742B4D40F200544249 /* Config.xcconfig */,
				3F2FA1742B45C0AF00EDBF95 /* Config.swift */,
			);
			path = Resources;
			sourceTree = "<group>";
		};
		6B6AE6812B3FF50A000E2366 /* Extensions */ = {
			isa = PBXGroup;
			children = (
				6B6AE6AB2B3FF6F7000E2366 /* UIColor+.swift */,
				6B6AE6A92B3FF6EA000E2366 /* UIStackView+.swift */,
				6B6AE6A72B3FF6D5000E2366 /* UITextField+.swift */,
				6B6AE6A52B3FF6BD000E2366 /* UIView+.swift */,
				6B6AE6A32B3FF6B0000E2366 /* UIViewController+.swift */,
				39C3926A2B491F47005B2B0F /* NSObject+.swift */,
				830517AF2B4D9A3B009FFB60 /* UILabel+.swift */,
			);
			path = Extensions;
			sourceTree = "<group>";
		};
		6B6AE6822B3FF510000E2366 /* Consts */ = {
			isa = PBXGroup;
			children = (
				6B6AE6AD2B3FF721000E2366 /* ImageLiterals.swift */,
				39BC5B0C2B4046C1004024E6 /* ColorLiterals.swift */,
				39BC5B182B411037004024E6 /* FontLiterals.swift */,
				830517642B42D996009FFB60 /* StringLiterals.swift */,
			);
			path = Consts;
			sourceTree = "<group>";
		};
		6B6AE6832B3FF514000E2366 /* Components */ = {
			isa = PBXGroup;
			children = (
				6BC493662B45D78F00544249 /* ToasterNavigationController */,
				398BE7F42B456ACF001595E0 /* ToasterBottomSheet */,
				398BE7F12B45628F001595E0 /* ToasterToastMessage */,
				6BC4935C2B44148200544249 /* ToasterPopup */,
			);
			path = Components;
			sourceTree = "<group>";
		};
		6B6AE6842B3FF51B000E2366 /* Protocols */ = {
			isa = PBXGroup;
			children = (
				3F2FA1762B45C3E000EDBF95 /* AuthenticationAdapterProtocol.swift */,
			);
			path = Protocols;
			sourceTree = "<group>";
		};
		6B6AE6852B3FF534000E2366 /* Fonts */ = {
			isa = PBXGroup;
			children = (
				39BC5B112B410EF3004024E6 /* SUIT-ExtraBold.otf */,
				39BC5B0E2B410EF2004024E6 /* SUIT-Bold.otf */,
				39BC5B102B410EF2004024E6 /* SUIT-SemiBold.otf */,
				39BC5B0F2B410EF2004024E6 /* SUIT-Medium.otf */,
				39BC5B122B410EF3004024E6 /* SUIT-Regular.otf */,
			);
			path = Fonts;
			sourceTree = "<group>";
		};
		6B6AE6862B3FF556000E2366 /* Network */ = {
			isa = PBXGroup;
			children = (
			);
			path = Network;
			sourceTree = "<group>";
		};
		6B6AE6872B3FF55F000E2366 /* Present */ = {
			isa = PBXGroup;
			children = (
				39EF95FD2B501BC400F301FC /* EditClip */,
				390925C22B4EF61B00487AA3 /* LinkWeb */,
				6B6AE6A02B3FF5DB000E2366 /* TabBar */,
				6B6AE69D2B3FF5CF000E2366 /* Login */,
				6B6AE69A2B3FF5C3000E2366 /* Home */,
				6B6AE6972B3FF5B9000E2366 /* Search */,
				6B6AE6942B3FF5AB000E2366 /* AddLink */,
				6B6AE6912B3FF59F000E2366 /* Clip */,
				6B6AE68E2B3FF590000E2366 /* DetailClip */,
				6B6AE68B2B3FF585000E2366 /* Remind */,
				6B6AE6882B3FF575000E2366 /* Mypage */,
				6B6AE6522B3FF101000E2366 /* ViewController.swift */,
			);
			path = Present;
			sourceTree = "<group>";
		};
		6B6AE6882B3FF575000E2366 /* Mypage */ = {
			isa = PBXGroup;
			children = (
				6B6AE6892B3FF582000E2366 /* MypageViewController.swift */,
				3F617CB62B4ECB4600956E69 /* Model */,
				3F617CB32B4EC2B500956E69 /* View */,
			);
			path = Mypage;
			sourceTree = "<group>";
		};
		6B6AE68B2B3FF585000E2366 /* Remind */ = {
			isa = PBXGroup;
			children = (
				6BE6D9E92B4EE93F008B06FA /* Model */,
				6BE6D9D22B4DE463008B06FA /* View */,
				6BE6D9F02B4EEBAE008B06FA /* ViewModel */,
			);
			path = Remind;
			sourceTree = "<group>";
		};
		6B6AE68E2B3FF590000E2366 /* DetailClip */ = {
			isa = PBXGroup;
			children = (
				39BE4BB22B4ABA73002B471D /* Model */,
				39BE4BB12B4ABA70002B471D /* View */,
				39BE4BB02B4ABA6A002B471D /* ViewController */,
			);
			path = DetailClip;
			sourceTree = "<group>";
		};
		6B6AE6912B3FF59F000E2366 /* Clip */ = {
			isa = PBXGroup;
			children = (
				39E794F42B479A0500F16A38 /* Model */,
				398BE7F82B467E23001595E0 /* View */,
				39E794F72B479AE300F16A38 /* ViewController */,
			);
			path = Clip;
			sourceTree = "<group>";
		};
		6B6AE6942B3FF5AB000E2366 /* AddLink */ = {
			isa = PBXGroup;
			children = (
				6B6AE6952B3FF5B5000E2366 /* AddLinkViewController.swift */,
			);
			path = AddLink;
			sourceTree = "<group>";
		};
		6B6AE6972B3FF5B9000E2366 /* Search */ = {
			isa = PBXGroup;
			children = (
				6BC4937A2B4D863A00544249 /* Model */,
				6BC493712B4D3CF400544249 /* View */,
				6BC4937F2B4D88D700544249 /* ViewModel */,
			);
			path = Search;
			sourceTree = "<group>";
		};
		6B6AE69A2B3FF5C3000E2366 /* Home */ = {
			isa = PBXGroup;
			children = (
				6B6AE69B2B3FF5CC000E2366 /* HomeViewController.swift */,
			);
			path = Home;
			sourceTree = "<group>";
		};
		6B6AE69D2B3FF5CF000E2366 /* Login */ = {
			isa = PBXGroup;
			children = (
				3F2FA1842B4CFCBC00EDBF95 /* Model */,
				3F2FA1832B4CFCA400EDBF95 /* Adapter */,
				3F2FA1822B4CFC8C00EDBF95 /* UseCase */,
				3F2BFAC72B4036E200DA76B7 /* View */,
				6B6AE69E2B3FF5D7000E2366 /* LoginViewController.swift */,
				3F2BFACA2B40373C00DA76B7 /* SocialLoginType.swift */,
				3F2FA17A2B4928A200EDBF95 /* LoginError.swift */,
			);
			path = Login;
			sourceTree = "<group>";
		};
		6B6AE6A02B3FF5DB000E2366 /* TabBar */ = {
			isa = PBXGroup;
			children = (
				6B6AE6A12B3FF5F7000E2366 /* TabBarController.swift */,
				830517622B42D871009FFB60 /* TabBarItem.swift */,
			);
			path = TabBar;
			sourceTree = "<group>";
		};
		6BC4935C2B44148200544249 /* ToasterPopup */ = {
			isa = PBXGroup;
			children = (
				6BC4935D2B4414B400544249 /* ToasterPopupViewController.swift */,
			);
			path = ToasterPopup;
			sourceTree = "<group>";
		};
		6BC493662B45D78F00544249 /* ToasterNavigationController */ = {
			isa = PBXGroup;
			children = (
				6BC493672B45D7B100544249 /* ToasterNavigationController.swift */,
				6BC4936B2B48633700544249 /* ToasterNavigationType.swift */,
			);
			path = ToasterNavigationController;
			sourceTree = "<group>";
		};
		6BC493712B4D3CF400544249 /* View */ = {
			isa = PBXGroup;
			children = (
				6B6AE6982B3FF5C1000E2366 /* SearchViewController.swift */,
				6BC493782B4D6FB300544249 /* SearchEmptyResultView.swift */,
			);
			path = View;
			sourceTree = "<group>";
		};
		6BC4937A2B4D863A00544249 /* Model */ = {
			isa = PBXGroup;
			children = (
				6BC493822B4D8B5900544249 /* SearchResultModel.swift */,
			);
			path = Model;
			sourceTree = "<group>";
		};
		6BC4937F2B4D88D700544249 /* ViewModel */ = {
			isa = PBXGroup;
			children = (
				6BC493802B4D88E200544249 /* SearchViewModel.swift */,
			);
			path = ViewModel;
			sourceTree = "<group>";
		};
		6BE6D9D22B4DE463008B06FA /* View */ = {
			isa = PBXGroup;
			children = (
				6B6AE68C2B3FF58D000E2366 /* RemindViewController.swift */,
				6BE6D9E02B4E9B36008B06FA /* Component */,
				6BE6D9DF2B4E9B2D008B06FA /* Cell */,
			);
			path = View;
			sourceTree = "<group>";
		};
		6BE6D9DF2B4E9B2D008B06FA /* Cell */ = {
			isa = PBXGroup;
			children = (
				6BE6D9E12B4E9B58008B06FA /* CompleteTimerCollectionViewCell.swift */,
				6BE6D9F52B4F0F26008B06FA /* CompleteTimerEmptyCollectionViewCell.swift */,
				6BE6D9E32B4EA125008B06FA /* WaitTimerCollectionViewCell.swift */,
				6BE6D9E52B4EA499008B06FA /* RemindCollectionHeaderView.swift */,
				6BE6D9E72B4EA773008B06FA /* RemindCollectionFooterView.swift */,
			);
			path = Cell;
			sourceTree = "<group>";
		};
		6BE6D9E02B4E9B36008B06FA /* Component */ = {
			isa = PBXGroup;
			children = (
				6BE6D9DD2B4E9054008B06FA /* AlarmOffStateButton.swift */,
				6BE6D9D32B4DE479008B06FA /* RemindTimerEmptyView.swift */,
				6BE6D9F32B4EF568008B06FA /* RemindTimerEditBottomSheetView.swift */,
				6BE6D9D52B4E8935008B06FA /* RemindAlarmOffView.swift */,
				6BE6D9D72B4E8A03008B06FA /* RemindAlarmOffViewType.swift */,
				6BE6DA132B4FDDE7008B06FA /* RemindAlarmOffBottomSheetView.swift */,
			);
			path = Component;
			sourceTree = "<group>";
		};
		6BE6D9E92B4EE93F008B06FA /* Model */ = {
			isa = PBXGroup;
			children = (
				6BE6D9EE2B4EE98D008B06FA /* RemindModel.swift */,
			);
			path = Model;
			sourceTree = "<group>";
		};
		6BE6D9F02B4EEBAE008B06FA /* ViewModel */ = {
			isa = PBXGroup;
			children = (
				6BE6D9F12B4EEBC3008B06FA /* RemindViewModel.swift */,
			);
			path = ViewModel;
			sourceTree = "<group>";
		};
/* End PBXGroup section */

/* Begin PBXNativeTarget section */
		6B6AE64A2B3FF101000E2366 /* TOASTER-iOS */ = {
			isa = PBXNativeTarget;
			buildConfigurationList = 6B6AE65F2B3FF103000E2366 /* Build configuration list for PBXNativeTarget "TOASTER-iOS" */;
			buildPhases = (
				6B6AE6472B3FF101000E2366 /* Sources */,
				6B6AE6482B3FF101000E2366 /* Frameworks */,
				6B6AE6492B3FF101000E2366 /* Resources */,
				39BC5B092B4004AD004024E6 /* ShellScript */,
			);
			buildRules = (
			);
			dependencies = (
			);
			name = "TOASTER-iOS";
			packageProductDependencies = (
				6B6AE6632B3FF410000E2366 /* SnapKit */,
				6B6AE6662B3FF416000E2366 /* Then */,
				6B6AE6692B3FF41D000E2366 /* Kingfisher */,
				6B6AE66C2B3FF450000E2366 /* KakaoSDK */,
				6B6AE66E2B3FF450000E2366 /* KakaoSDKAuth */,
				6B6AE6702B3FF450000E2366 /* KakaoSDKCommon */,
				6B6AE6722B3FF450000E2366 /* KakaoSDKUser */,
				6B6AE6752B3FF46C000E2366 /* CombineMoya */,
				6B6AE6772B3FF46C000E2366 /* Moya */,
				6B6AE6792B3FF46C000E2366 /* ReactiveMoya */,
				6B6AE67B2B3FF46C000E2366 /* RxMoya */,
			);
			productName = "TOASTER-iOS";
			productReference = 6B6AE64B2B3FF101000E2366 /* TOASTER-iOS.app */;
			productType = "com.apple.product-type.application";
		};
/* End PBXNativeTarget section */

/* Begin PBXProject section */
		6B6AE6432B3FF101000E2366 /* Project object */ = {
			isa = PBXProject;
			attributes = {
				BuildIndependentTargetsInParallel = 1;
				LastSwiftUpdateCheck = 1500;
				LastUpgradeCheck = 1500;
				TargetAttributes = {
					6B6AE64A2B3FF101000E2366 = {
						CreatedOnToolsVersion = 15.0;
					};
				};
			};
			buildConfigurationList = 6B6AE6462B3FF101000E2366 /* Build configuration list for PBXProject "TOASTER-iOS" */;
			compatibilityVersion = "Xcode 14.0";
			developmentRegion = en;
			hasScannedForEncodings = 0;
			knownRegions = (
				en,
				Base,
			);
			mainGroup = 6B6AE6422B3FF101000E2366;
			packageReferences = (
				6B6AE6622B3FF410000E2366 /* XCRemoteSwiftPackageReference "SnapKit" */,
				6B6AE6652B3FF416000E2366 /* XCRemoteSwiftPackageReference "Then" */,
				6B6AE6682B3FF41D000E2366 /* XCRemoteSwiftPackageReference "Kingfisher" */,
				6B6AE66B2B3FF450000E2366 /* XCRemoteSwiftPackageReference "kakao-ios-sdk" */,
				6B6AE6742B3FF46C000E2366 /* XCRemoteSwiftPackageReference "Moya" */,
			);
			productRefGroup = 6B6AE64C2B3FF101000E2366 /* Products */;
			projectDirPath = "";
			projectRoot = "";
			targets = (
				6B6AE64A2B3FF101000E2366 /* TOASTER-iOS */,
			);
		};
/* End PBXProject section */

/* Begin PBXResourcesBuildPhase section */
		6B6AE6492B3FF101000E2366 /* Resources */ = {
			isa = PBXResourcesBuildPhase;
			buildActionMask = 2147483647;
			files = (
				39BC5B0B2B400602004024E6 /* .swiftlint.yml in Resources */,
				6B6AE65B2B3FF103000E2366 /* LaunchScreen.storyboard in Resources */,
				39BC5B142B410EF3004024E6 /* SUIT-Medium.otf in Resources */,
				39BC5B172B410EF3004024E6 /* SUIT-Regular.otf in Resources */,
				6BC493752B4D40F300544249 /* Config.xcconfig in Resources */,
				39BC5B152B410EF3004024E6 /* SUIT-SemiBold.otf in Resources */,
				6B6AE6582B3FF103000E2366 /* Assets.xcassets in Resources */,
				39BC5B162B410EF3004024E6 /* SUIT-ExtraBold.otf in Resources */,
				39BC5B132B410EF3004024E6 /* SUIT-Bold.otf in Resources */,
			);
			runOnlyForDeploymentPostprocessing = 0;
		};
/* End PBXResourcesBuildPhase section */

/* Begin PBXShellScriptBuildPhase section */
		39BC5B092B4004AD004024E6 /* ShellScript */ = {
			isa = PBXShellScriptBuildPhase;
			alwaysOutOfDate = 1;
			buildActionMask = 2147483647;
			files = (
			);
			inputFileListPaths = (
			);
			inputPaths = (
			);
			outputFileListPaths = (
			);
			outputPaths = (
			);
			runOnlyForDeploymentPostprocessing = 0;
			shellPath = /bin/sh;
			shellScript = "# Type a script or drag a script file from your workspace to insert its path.\nexport PATH=\"$PATH:/opt/homebrew/bin\"\nif which swiftlint >/dev/null; then\n  swiftlint\nelse\n  echo \"warning: SwiftLint not installed, download from https://github.com/realm/SwiftLint\"\nfi\n";
		};
/* End PBXShellScriptBuildPhase section */

/* Begin PBXSourcesBuildPhase section */
		6B6AE6472B3FF101000E2366 /* Sources */ = {
			isa = PBXSourcesBuildPhase;
			buildActionMask = 2147483647;
			files = (
				6BE6D9E22B4E9B58008B06FA /* CompleteTimerCollectionViewCell.swift in Sources */,
				3F2FA1792B45C46F00EDBF95 /* KakaoAuthenticateAdapter.swift in Sources */,
				6BE6D9D82B4E8A03008B06FA /* RemindAlarmOffViewType.swift in Sources */,
				398BE7F62B456AF9001595E0 /* BottomType.swift in Sources */,
				3F2FA1772B45C3E000EDBF95 /* AuthenticationAdapterProtocol.swift in Sources */,
				6BC493792B4D6FB300544249 /* SearchEmptyResultView.swift in Sources */,
				39BC5B192B411037004024E6 /* FontLiterals.swift in Sources */,
				39E794F92B479C8600F16A38 /* ClipEmptyView.swift in Sources */,
				39BE4BC02B4ABB9E002B471D /* DetailClipEmptyView.swift in Sources */,
				6B6AE6532B3FF101000E2366 /* ViewController.swift in Sources */,
				6B6AE6902B3FF59C000E2366 /* DetailClipViewController.swift in Sources */,
				6B6AE6A62B3FF6BD000E2366 /* UIView+.swift in Sources */,
				398BE7FC2B468F80001595E0 /* ClipCollectionHeaderView.swift in Sources */,
				3F617CB82B4ECB6000956E69 /* MypageUserModel.swift in Sources */,
				39049C8D2B43EEF400C9196E /* ToastStatus.swift in Sources */,
				3F2FA17F2B4A31E900EDBF95 /* SocialLoginTokenModel.swift in Sources */,
				6B6AE6932B3FF5A9000E2366 /* ClipViewController.swift in Sources */,
				830517632B42D871009FFB60 /* TabBarItem.swift in Sources */,
				830517652B42D996009FFB60 /* StringLiterals.swift in Sources */,
				6BC493812B4D88E200544249 /* SearchViewModel.swift in Sources */,
				39EF96042B5020D600F301FC /* EditClipCollectionViewCell.swift in Sources */,
				39BE4BC22B4ABBB0002B471D /* DeleteLinkBottomSheetView.swift in Sources */,
				6BC4936C2B48633700544249 /* ToasterNavigationType.swift in Sources */,
				6B6AE6992B3FF5C1000E2366 /* SearchViewController.swift in Sources */,
				6BE6D9E82B4EA773008B06FA /* RemindCollectionFooterView.swift in Sources */,
				6BE6D9F42B4EF568008B06FA /* RemindTimerEditBottomSheetView.swift in Sources */,
				398BE7F32B456367001595E0 /* ToasterToastMessageView.swift in Sources */,
				6BE6D9E42B4EA125008B06FA /* WaitTimerCollectionViewCell.swift in Sources */,
				6BE6D9D42B4DE479008B06FA /* RemindTimerEmptyView.swift in Sources */,
				39BC5B0D2B4046C1004024E6 /* ColorLiterals.swift in Sources */,
				6BE6D9F22B4EEBC3008B06FA /* RemindViewModel.swift in Sources */,
				6B6AE64F2B3FF101000E2366 /* AppDelegate.swift in Sources */,
				39EF95FF2B501BD600F301FC /* EditClipViewController.swift in Sources */,
				39BE4BB42B4ABA80002B471D /* DetailClipListModel.swift in Sources */,
				6BC4935E2B4414B400544249 /* ToasterPopupViewController.swift in Sources */,
				39BE4BBE2B4ABB7C002B471D /* DetailClipSegmentedControlView.swift in Sources */,
				6B6AE6A82B3FF6D5000E2366 /* UITextField+.swift in Sources */,
				6BE6D9DE2B4E9054008B06FA /* AlarmOffStateButton.swift in Sources */,
				39049C8F2B43F70400C9196E /* ToasterBottomSheetViewController.swift in Sources */,
				398BE7FE2B46C164001595E0 /* AddClipBottomSheetView.swift in Sources */,
				39BE4BB62B4ABA97002B471D /* DetailClipListCollectionViewCell.swift in Sources */,
				3F617CB52B4EC2EE00956E69 /* MypageHeaderView.swift in Sources */,
				6B6AE6AA2B3FF6EA000E2366 /* UIStackView+.swift in Sources */,
				3F2FA17D2B4928B700EDBF95 /* LoginUseCase.swift in Sources */,
				6BE6D9EF2B4EE98D008B06FA /* RemindModel.swift in Sources */,
				3F2FA1752B45C0AF00EDBF95 /* Config.swift in Sources */,
				6B6AE6AC2B3FF6F7000E2366 /* UIColor+.swift in Sources */,
				6BC493682B45D7B100544249 /* ToasterNavigationController.swift in Sources */,
				6B6AE69C2B3FF5CC000E2366 /* HomeViewController.swift in Sources */,
				6BC493832B4D8B5900544249 /* SearchResultModel.swift in Sources */,
				3F2BFACB2B40373C00DA76B7 /* SocialLoginType.swift in Sources */,
				6BE6D9F62B4F0F26008B06FA /* CompleteTimerEmptyCollectionViewCell.swift in Sources */,
				6BE6D9E62B4EA499008B06FA /* RemindCollectionHeaderView.swift in Sources */,
				3F2FA17B2B4928A200EDBF95 /* LoginError.swift in Sources */,
				6B6AE6962B3FF5B5000E2366 /* AddLinkViewController.swift in Sources */,
				6B6AE68D2B3FF58D000E2366 /* RemindViewController.swift in Sources */,
				6BE6DA142B4FDDE7008B06FA /* RemindAlarmOffBottomSheetView.swift in Sources */,
				39C3926B2B491F47005B2B0F /* NSObject+.swift in Sources */,
				6B6AE6512B3FF101000E2366 /* SceneDelegate.swift in Sources */,
				3F2FA1812B4A32A200EDBF95 /* LogoutUseCase.swift in Sources */,
				6BE6D9D62B4E8935008B06FA /* RemindAlarmOffView.swift in Sources */,
				3FBFDEC02B4D3A4C00C58393 /* AppleAuthenticateAdapter.swift in Sources */,
				390925CB2B4F049800487AA3 /* LinkWebNavigationView.swift in Sources */,
				398BE7FA2B467E4B001595E0 /* ClipListCollectionViewCell.swift in Sources */,
				830517B02B4D9A3B009FFB60 /* UILabel+.swift in Sources */,
				390925C42B4EF64100487AA3 /* LinkWebViewController.swift in Sources */,
				6B6AE6AE2B3FF721000E2366 /* ImageLiterals.swift in Sources */,
				6B6AE6A42B3FF6B0000E2366 /* UIViewController+.swift in Sources */,
				39EF96012B501E8A00F301FC /* EditClipNoticeView.swift in Sources */,
				6B6AE6A22B3FF5F7000E2366 /* TabBarController.swift in Sources */,
				3F2BFAC92B40370D00DA76B7 /* SocialLoginButtonView.swift in Sources */,
				6B6AE68A2B3FF582000E2366 /* MypageViewController.swift in Sources */,
				39E794F62B479A1C00F16A38 /* ClipListModel.swift in Sources */,
				6B6AE69F2B3FF5D7000E2366 /* LoginViewController.swift in Sources */,
			);
			runOnlyForDeploymentPostprocessing = 0;
		};
/* End PBXSourcesBuildPhase section */

/* Begin PBXVariantGroup section */
		6B6AE6592B3FF103000E2366 /* LaunchScreen.storyboard */ = {
			isa = PBXVariantGroup;
			children = (
				6B6AE65A2B3FF103000E2366 /* Base */,
			);
			name = LaunchScreen.storyboard;
			sourceTree = "<group>";
		};
/* End PBXVariantGroup section */

/* Begin XCBuildConfiguration section */
		6B6AE65D2B3FF103000E2366 /* Debug */ = {
			isa = XCBuildConfiguration;
			buildSettings = {
				ALWAYS_SEARCH_USER_PATHS = NO;
				ASSETCATALOG_COMPILER_GENERATE_SWIFT_ASSET_SYMBOL_EXTENSIONS = YES;
				CLANG_ANALYZER_NONNULL = YES;
				CLANG_ANALYZER_NUMBER_OBJECT_CONVERSION = YES_AGGRESSIVE;
				CLANG_CXX_LANGUAGE_STANDARD = "gnu++20";
				CLANG_ENABLE_MODULES = YES;
				CLANG_ENABLE_OBJC_ARC = YES;
				CLANG_ENABLE_OBJC_WEAK = YES;
				CLANG_WARN_BLOCK_CAPTURE_AUTORELEASING = YES;
				CLANG_WARN_BOOL_CONVERSION = YES;
				CLANG_WARN_COMMA = YES;
				CLANG_WARN_CONSTANT_CONVERSION = YES;
				CLANG_WARN_DEPRECATED_OBJC_IMPLEMENTATIONS = YES;
				CLANG_WARN_DIRECT_OBJC_ISA_USAGE = YES_ERROR;
				CLANG_WARN_DOCUMENTATION_COMMENTS = YES;
				CLANG_WARN_EMPTY_BODY = YES;
				CLANG_WARN_ENUM_CONVERSION = YES;
				CLANG_WARN_INFINITE_RECURSION = YES;
				CLANG_WARN_INT_CONVERSION = YES;
				CLANG_WARN_NON_LITERAL_NULL_CONVERSION = YES;
				CLANG_WARN_OBJC_IMPLICIT_RETAIN_SELF = YES;
				CLANG_WARN_OBJC_LITERAL_CONVERSION = YES;
				CLANG_WARN_OBJC_ROOT_CLASS = YES_ERROR;
				CLANG_WARN_QUOTED_INCLUDE_IN_FRAMEWORK_HEADER = YES;
				CLANG_WARN_RANGE_LOOP_ANALYSIS = YES;
				CLANG_WARN_STRICT_PROTOTYPES = YES;
				CLANG_WARN_SUSPICIOUS_MOVE = YES;
				CLANG_WARN_UNGUARDED_AVAILABILITY = YES_AGGRESSIVE;
				CLANG_WARN_UNREACHABLE_CODE = YES;
				CLANG_WARN__DUPLICATE_METHOD_MATCH = YES;
				COPY_PHASE_STRIP = NO;
				DEBUG_INFORMATION_FORMAT = dwarf;
				ENABLE_STRICT_OBJC_MSGSEND = YES;
				ENABLE_TESTABILITY = YES;
				ENABLE_USER_SCRIPT_SANDBOXING = YES;
				GCC_C_LANGUAGE_STANDARD = gnu17;
				GCC_DYNAMIC_NO_PIC = NO;
				GCC_NO_COMMON_BLOCKS = YES;
				GCC_OPTIMIZATION_LEVEL = 0;
				GCC_PREPROCESSOR_DEFINITIONS = (
					"DEBUG=1",
					"$(inherited)",
				);
				GCC_WARN_64_TO_32_BIT_CONVERSION = YES;
				GCC_WARN_ABOUT_RETURN_TYPE = YES_ERROR;
				GCC_WARN_UNDECLARED_SELECTOR = YES;
				GCC_WARN_UNINITIALIZED_AUTOS = YES_AGGRESSIVE;
				GCC_WARN_UNUSED_FUNCTION = YES;
				GCC_WARN_UNUSED_VARIABLE = YES;
				IPHONEOS_DEPLOYMENT_TARGET = 17.0;
				LOCALIZATION_PREFERS_STRING_CATALOGS = YES;
				MTL_ENABLE_DEBUG_INFO = INCLUDE_SOURCE;
				MTL_FAST_MATH = YES;
				ONLY_ACTIVE_ARCH = YES;
				SDKROOT = iphoneos;
				SWIFT_ACTIVE_COMPILATION_CONDITIONS = "DEBUG $(inherited)";
				SWIFT_OPTIMIZATION_LEVEL = "-Onone";
			};
			name = Debug;
		};
		6B6AE65E2B3FF103000E2366 /* Release */ = {
			isa = XCBuildConfiguration;
			buildSettings = {
				ALWAYS_SEARCH_USER_PATHS = NO;
				ASSETCATALOG_COMPILER_GENERATE_SWIFT_ASSET_SYMBOL_EXTENSIONS = YES;
				CLANG_ANALYZER_NONNULL = YES;
				CLANG_ANALYZER_NUMBER_OBJECT_CONVERSION = YES_AGGRESSIVE;
				CLANG_CXX_LANGUAGE_STANDARD = "gnu++20";
				CLANG_ENABLE_MODULES = YES;
				CLANG_ENABLE_OBJC_ARC = YES;
				CLANG_ENABLE_OBJC_WEAK = YES;
				CLANG_WARN_BLOCK_CAPTURE_AUTORELEASING = YES;
				CLANG_WARN_BOOL_CONVERSION = YES;
				CLANG_WARN_COMMA = YES;
				CLANG_WARN_CONSTANT_CONVERSION = YES;
				CLANG_WARN_DEPRECATED_OBJC_IMPLEMENTATIONS = YES;
				CLANG_WARN_DIRECT_OBJC_ISA_USAGE = YES_ERROR;
				CLANG_WARN_DOCUMENTATION_COMMENTS = YES;
				CLANG_WARN_EMPTY_BODY = YES;
				CLANG_WARN_ENUM_CONVERSION = YES;
				CLANG_WARN_INFINITE_RECURSION = YES;
				CLANG_WARN_INT_CONVERSION = YES;
				CLANG_WARN_NON_LITERAL_NULL_CONVERSION = YES;
				CLANG_WARN_OBJC_IMPLICIT_RETAIN_SELF = YES;
				CLANG_WARN_OBJC_LITERAL_CONVERSION = YES;
				CLANG_WARN_OBJC_ROOT_CLASS = YES_ERROR;
				CLANG_WARN_QUOTED_INCLUDE_IN_FRAMEWORK_HEADER = YES;
				CLANG_WARN_RANGE_LOOP_ANALYSIS = YES;
				CLANG_WARN_STRICT_PROTOTYPES = YES;
				CLANG_WARN_SUSPICIOUS_MOVE = YES;
				CLANG_WARN_UNGUARDED_AVAILABILITY = YES_AGGRESSIVE;
				CLANG_WARN_UNREACHABLE_CODE = YES;
				CLANG_WARN__DUPLICATE_METHOD_MATCH = YES;
				COPY_PHASE_STRIP = NO;
				DEBUG_INFORMATION_FORMAT = "dwarf-with-dsym";
				ENABLE_NS_ASSERTIONS = NO;
				ENABLE_STRICT_OBJC_MSGSEND = YES;
				ENABLE_USER_SCRIPT_SANDBOXING = YES;
				GCC_C_LANGUAGE_STANDARD = gnu17;
				GCC_NO_COMMON_BLOCKS = YES;
				GCC_WARN_64_TO_32_BIT_CONVERSION = YES;
				GCC_WARN_ABOUT_RETURN_TYPE = YES_ERROR;
				GCC_WARN_UNDECLARED_SELECTOR = YES;
				GCC_WARN_UNINITIALIZED_AUTOS = YES_AGGRESSIVE;
				GCC_WARN_UNUSED_FUNCTION = YES;
				GCC_WARN_UNUSED_VARIABLE = YES;
				IPHONEOS_DEPLOYMENT_TARGET = 17.0;
				LOCALIZATION_PREFERS_STRING_CATALOGS = YES;
				MTL_ENABLE_DEBUG_INFO = NO;
				MTL_FAST_MATH = YES;
				SDKROOT = iphoneos;
				SWIFT_COMPILATION_MODE = wholemodule;
				VALIDATE_PRODUCT = YES;
			};
			name = Release;
		};
		6B6AE6602B3FF103000E2366 /* Debug */ = {
			isa = XCBuildConfiguration;
			buildSettings = {
				ASSETCATALOG_COMPILER_APPICON_NAME = AppIcon;
				ASSETCATALOG_COMPILER_GLOBAL_ACCENT_COLOR_NAME = AccentColor;
				CODE_SIGN_ENTITLEMENTS = "TOASTER-iOS/TOASTER-iOS.entitlements";
				CODE_SIGN_STYLE = Automatic;
				CURRENT_PROJECT_VERSION = 1;
				DEVELOPMENT_TEAM = "";
				ENABLE_USER_SCRIPT_SANDBOXING = NO;
				GENERATE_INFOPLIST_FILE = YES;
				INFOPLIST_FILE = "TOASTER-iOS/Global/Supporting Files/Info.plist";
				INFOPLIST_KEY_UIApplicationSupportsIndirectInputEvents = YES;
				INFOPLIST_KEY_UILaunchStoryboardName = LaunchScreen;
				INFOPLIST_KEY_UISupportedInterfaceOrientations = UIInterfaceOrientationPortrait;
				INFOPLIST_KEY_UISupportedInterfaceOrientations_iPad = "UIInterfaceOrientationLandscapeLeft UIInterfaceOrientationLandscapeRight UIInterfaceOrientationPortrait UIInterfaceOrientationPortraitUpsideDown";
				IPHONEOS_DEPLOYMENT_TARGET = 15.0;
				LD_RUNPATH_SEARCH_PATHS = (
					"$(inherited)",
					"@executable_path/Frameworks",
				);
				MARKETING_VERSION = 1.0;
				PRODUCT_BUNDLE_IDENTIFIER = "TeamLinkMIND.TOASTER-iOS";
				PRODUCT_NAME = "$(TARGET_NAME)";
				SUPPORTED_PLATFORMS = "iphoneos iphonesimulator";
				SUPPORTS_MACCATALYST = NO;
				SWIFT_EMIT_LOC_STRINGS = YES;
				SWIFT_VERSION = 5.0;
				TARGETED_DEVICE_FAMILY = 1;
			};
			name = Debug;
		};
		6B6AE6612B3FF103000E2366 /* Release */ = {
			isa = XCBuildConfiguration;
			buildSettings = {
				ASSETCATALOG_COMPILER_APPICON_NAME = AppIcon;
				ASSETCATALOG_COMPILER_GLOBAL_ACCENT_COLOR_NAME = AccentColor;
				CODE_SIGN_ENTITLEMENTS = "TOASTER-iOS/TOASTER-iOS.entitlements";
				CODE_SIGN_STYLE = Automatic;
				CURRENT_PROJECT_VERSION = 1;
				DEVELOPMENT_TEAM = "";
				ENABLE_USER_SCRIPT_SANDBOXING = NO;
				GENERATE_INFOPLIST_FILE = YES;
				INFOPLIST_FILE = "TOASTER-iOS/Global/Supporting Files/Info.plist";
				INFOPLIST_KEY_UIApplicationSupportsIndirectInputEvents = YES;
				INFOPLIST_KEY_UILaunchStoryboardName = LaunchScreen;
				INFOPLIST_KEY_UISupportedInterfaceOrientations = UIInterfaceOrientationPortrait;
				INFOPLIST_KEY_UISupportedInterfaceOrientations_iPad = "UIInterfaceOrientationLandscapeLeft UIInterfaceOrientationLandscapeRight UIInterfaceOrientationPortrait UIInterfaceOrientationPortraitUpsideDown";
				IPHONEOS_DEPLOYMENT_TARGET = 15.0;
				LD_RUNPATH_SEARCH_PATHS = (
					"$(inherited)",
					"@executable_path/Frameworks",
				);
				MARKETING_VERSION = 1.0;
				PRODUCT_BUNDLE_IDENTIFIER = "TeamLinkMIND.TOASTER-iOS";
				PRODUCT_NAME = "$(TARGET_NAME)";
				SUPPORTED_PLATFORMS = "iphoneos iphonesimulator";
				SUPPORTS_MACCATALYST = NO;
				SWIFT_EMIT_LOC_STRINGS = YES;
				SWIFT_VERSION = 5.0;
				TARGETED_DEVICE_FAMILY = 1;
			};
			name = Release;
		};
/* End XCBuildConfiguration section */

/* Begin XCConfigurationList section */
		6B6AE6462B3FF101000E2366 /* Build configuration list for PBXProject "TOASTER-iOS" */ = {
			isa = XCConfigurationList;
			buildConfigurations = (
				6B6AE65D2B3FF103000E2366 /* Debug */,
				6B6AE65E2B3FF103000E2366 /* Release */,
			);
			defaultConfigurationIsVisible = 0;
			defaultConfigurationName = Release;
		};
		6B6AE65F2B3FF103000E2366 /* Build configuration list for PBXNativeTarget "TOASTER-iOS" */ = {
			isa = XCConfigurationList;
			buildConfigurations = (
				6B6AE6602B3FF103000E2366 /* Debug */,
				6B6AE6612B3FF103000E2366 /* Release */,
			);
			defaultConfigurationIsVisible = 0;
			defaultConfigurationName = Release;
		};
/* End XCConfigurationList section */

/* Begin XCRemoteSwiftPackageReference section */
		6B6AE6622B3FF410000E2366 /* XCRemoteSwiftPackageReference "SnapKit" */ = {
			isa = XCRemoteSwiftPackageReference;
			repositoryURL = "https://github.com/SnapKit/SnapKit.git";
			requirement = {
				kind = upToNextMajorVersion;
				minimumVersion = 5.6.0;
			};
		};
		6B6AE6652B3FF416000E2366 /* XCRemoteSwiftPackageReference "Then" */ = {
			isa = XCRemoteSwiftPackageReference;
			repositoryURL = "https://github.com/devxoul/Then.git";
			requirement = {
				kind = upToNextMajorVersion;
				minimumVersion = 3.0.0;
			};
		};
		6B6AE6682B3FF41D000E2366 /* XCRemoteSwiftPackageReference "Kingfisher" */ = {
			isa = XCRemoteSwiftPackageReference;
			repositoryURL = "https://github.com/onevcat/Kingfisher";
			requirement = {
				kind = upToNextMajorVersion;
				minimumVersion = 7.10.1;
			};
		};
		6B6AE66B2B3FF450000E2366 /* XCRemoteSwiftPackageReference "kakao-ios-sdk" */ = {
			isa = XCRemoteSwiftPackageReference;
			repositoryURL = "https://github.com/kakao/kakao-ios-sdk";
			requirement = {
				kind = upToNextMajorVersion;
				minimumVersion = 2.20.0;
			};
		};
		6B6AE6742B3FF46C000E2366 /* XCRemoteSwiftPackageReference "Moya" */ = {
			isa = XCRemoteSwiftPackageReference;
			repositoryURL = "https://github.com/Moya/Moya";
			requirement = {
				kind = upToNextMajorVersion;
				minimumVersion = 15.0.3;
			};
		};
/* End XCRemoteSwiftPackageReference section */

/* Begin XCSwiftPackageProductDependency section */
		6B6AE6632B3FF410000E2366 /* SnapKit */ = {
			isa = XCSwiftPackageProductDependency;
			package = 6B6AE6622B3FF410000E2366 /* XCRemoteSwiftPackageReference "SnapKit" */;
			productName = SnapKit;
		};
		6B6AE6662B3FF416000E2366 /* Then */ = {
			isa = XCSwiftPackageProductDependency;
			package = 6B6AE6652B3FF416000E2366 /* XCRemoteSwiftPackageReference "Then" */;
			productName = Then;
		};
		6B6AE6692B3FF41D000E2366 /* Kingfisher */ = {
			isa = XCSwiftPackageProductDependency;
			package = 6B6AE6682B3FF41D000E2366 /* XCRemoteSwiftPackageReference "Kingfisher" */;
			productName = Kingfisher;
		};
		6B6AE66C2B3FF450000E2366 /* KakaoSDK */ = {
			isa = XCSwiftPackageProductDependency;
			package = 6B6AE66B2B3FF450000E2366 /* XCRemoteSwiftPackageReference "kakao-ios-sdk" */;
			productName = KakaoSDK;
		};
		6B6AE66E2B3FF450000E2366 /* KakaoSDKAuth */ = {
			isa = XCSwiftPackageProductDependency;
			package = 6B6AE66B2B3FF450000E2366 /* XCRemoteSwiftPackageReference "kakao-ios-sdk" */;
			productName = KakaoSDKAuth;
		};
		6B6AE6702B3FF450000E2366 /* KakaoSDKCommon */ = {
			isa = XCSwiftPackageProductDependency;
			package = 6B6AE66B2B3FF450000E2366 /* XCRemoteSwiftPackageReference "kakao-ios-sdk" */;
			productName = KakaoSDKCommon;
		};
		6B6AE6722B3FF450000E2366 /* KakaoSDKUser */ = {
			isa = XCSwiftPackageProductDependency;
			package = 6B6AE66B2B3FF450000E2366 /* XCRemoteSwiftPackageReference "kakao-ios-sdk" */;
			productName = KakaoSDKUser;
		};
		6B6AE6752B3FF46C000E2366 /* CombineMoya */ = {
			isa = XCSwiftPackageProductDependency;
			package = 6B6AE6742B3FF46C000E2366 /* XCRemoteSwiftPackageReference "Moya" */;
			productName = CombineMoya;
		};
		6B6AE6772B3FF46C000E2366 /* Moya */ = {
			isa = XCSwiftPackageProductDependency;
			package = 6B6AE6742B3FF46C000E2366 /* XCRemoteSwiftPackageReference "Moya" */;
			productName = Moya;
		};
		6B6AE6792B3FF46C000E2366 /* ReactiveMoya */ = {
			isa = XCSwiftPackageProductDependency;
			package = 6B6AE6742B3FF46C000E2366 /* XCRemoteSwiftPackageReference "Moya" */;
			productName = ReactiveMoya;
		};
		6B6AE67B2B3FF46C000E2366 /* RxMoya */ = {
			isa = XCSwiftPackageProductDependency;
			package = 6B6AE6742B3FF46C000E2366 /* XCRemoteSwiftPackageReference "Moya" */;
			productName = RxMoya;
		};
/* End XCSwiftPackageProductDependency section */
	};
	rootObject = 6B6AE6432B3FF101000E2366 /* Project object */;
}
